
Microsoft Visual Studio Solution File, Format Version 12.00
# Visual Studio 14
VisualStudioVersion = 14.0.25420.1
MinimumVisualStudioVersion = 10.0.40219.1
Project("{FAE04EC0-301F-11D3-BF4B-00C04F79EFBC}") = "SportsStore.Domain", "SportsStore.Domain\SportsStore.Domain.csproj", "{9675CAE1-FEB5-4D83-810A-C9E573F89157}"
EndProject
Project("{FAE04EC0-301F-11D3-BF4B-00C04F79EFBC}") = "SportsStore.WebUI", "SportsStore.WebUI\SportsStore.WebUI.csproj", "{3E4CB2C8-058E-4543-8B49-2716222B5F3A}"
EndProject
Project("{FAE04EC0-301F-11D3-BF4B-00C04F79EFBC}") = "SportsStore.UnitTests", "SportsStore.UnitTests\SportsStore.UnitTests.csproj", "{BD6381E9-50DC-44D2-A544-9E34624D6BC6}"
EndProject
Global
	GlobalSection(SolutionConfigurationPlatforms) = preSolution
		Debug|Any CPU = Debug|Any CPU
		Release|Any CPU = Release|Any CPU
	EndGlobalSection
	GlobalSection(ProjectConfigurationPlatforms) = postSolution
		{9675CAE1-FEB5-4D83-810A-C9E573F89157}.Debug|Any CPU.ActiveCfg = Debug|Any CPU
		{9675CAE1-FEB5-4D83-810A-C9E573F89157}.Debug|Any CPU.Build.0 = Debug|Any CPU
		{9675CAE1-FEB5-4D83-810A-C9E573F89157}.Release|Any CPU.ActiveCfg = Release|Any CPU
		{9675CAE1-FEB5-4D83-810A-C9E573F89157}.Release|Any CPU.Build.0 = Release|Any CPU
		{3E4CB2C8-058E-4543-8B49-2716222B5F3A}.Debug|Any CPU.ActiveCfg = Debug|Any CPU
		{3E4CB2C8-058E-4543-8B49-2716222B5F3A}.Debug|Any CPU.Build.0 = Debug|Any CPU
		{3E4CB2C8-058E-4543-8B49-2716222B5F3A}.Release|Any CPU.ActiveCfg = Release|Any CPU
		{3E4CB2C8-058E-4543-8B49-2716222B5F3A}.Release|Any CPU.Build.0 = Release|Any CPU
		{BD6381E9-50DC-44D2-A544-9E34624D6BC6}.Debug|Any CPU.ActiveCfg = Debug|Any CPU
		{BD6381E9-50DC-44D2-A544-9E34624D6BC6}.Debug|Any CPU.Build.0 = Debug|Any CPU
		{BD6381E9-50DC-44D2-A544-9E34624D6BC6}.Release|Any CPU.ActiveCfg = Release|Any CPU
		{BD6381E9-50DC-44D2-A544-9E34624D6BC6}.Release|Any CPU.Build.0 = Release|Any CPU
	EndGlobalSection
	GlobalSection(SolutionProperties) = preSolution
		HideSolutionNode = FALSE
	EndGlobalSection
EndGlobal
