
Microsoft Visual Studio Solution File, Format Version 12.00
# Visual Studio 14
VisualStudioVersion = 14.0.25420.1
MinimumVisualStudioVersion = 10.0.40219.1
Project("{FAE04EC0-301F-11D3-BF4B-00C04F79EFBC}") = "MvcModels", "MvcModels\MvcModels.csproj", "{A0355455-CB50-4839-A28E-B8005C49FE8C}"
EndProject
Project("{FAE04EC0-301F-11D3-BF4B-00C04F79EFBC}") = "HelperMethods", "..\HelperMethods\HelperMethods\HelperMethods.csproj", "{1626BB91-A8EE-403D-AFCF-1AC6B62766BB}"
EndProject
Global
	GlobalSection(SolutionConfigurationPlatforms) = preSolution
		Debug|Any CPU = Debug|Any CPU
		Release|Any CPU = Release|Any CPU
	EndGlobalSection
	GlobalSection(ProjectConfigurationPlatforms) = postSolution
		{A0355455-CB50-4839-A28E-B8005C49FE8C}.Debug|Any CPU.ActiveCfg = Debug|Any CPU
		{A0355455-CB50-4839-A28E-B8005C49FE8C}.Debug|Any CPU.Build.0 = Debug|Any CPU
		{A0355455-CB50-4839-A28E-B8005C49FE8C}.Release|Any CPU.ActiveCfg = Release|Any CPU
		{A0355455-CB50-4839-A28E-B8005C49FE8C}.Release|Any CPU.Build.0 = Release|Any CPU
		{1626BB91-A8EE-403D-AFCF-1AC6B62766BB}.Debug|Any CPU.ActiveCfg = Debug|Any CPU
		{1626BB91-A8EE-403D-AFCF-1AC6B62766BB}.Release|Any CPU.ActiveCfg = Release|Any CPU
		{1626BB91-A8EE-403D-AFCF-1AC6B62766BB}.Release|Any CPU.Build.0 = Release|Any CPU
	EndGlobalSection
	GlobalSection(SolutionProperties) = preSolution
		HideSolutionNode = FALSE
	EndGlobalSection
EndGlobal
