
Microsoft Visual Studio Solution File, Format Version 12.00
# Visual Studio 14
VisualStudioVersion = 14.0.25420.1
MinimumVisualStudioVersion = 10.0.40219.1
Project("{FAE04EC0-301F-11D3-BF4B-00C04F79EFBC}") = "ControllersAndActions.Web", "ControllersAndActions\ControllersAndActions.Web.csproj", "{9AF27760-F15C-49CE-AFDB-85E2890C12EA}"
EndProject
Project("{FAE04EC0-301F-11D3-BF4B-00C04F79EFBC}") = "ControllersAndActions.Tests", "ControllersAndActions.Tests\ControllersAndActions.Tests.csproj", "{8FC0AF71-7DFA-493F-9158-D08881C6A2E5}"
EndProject
Global
	GlobalSection(SolutionConfigurationPlatforms) = preSolution
		Debug|Any CPU = Debug|Any CPU
		Release|Any CPU = Release|Any CPU
	EndGlobalSection
	GlobalSection(ProjectConfigurationPlatforms) = postSolution
		{9AF27760-F15C-49CE-AFDB-85E2890C12EA}.Debug|Any CPU.ActiveCfg = Debug|Any CPU
		{9AF27760-F15C-49CE-AFDB-85E2890C12EA}.Debug|Any CPU.Build.0 = Debug|Any CPU
		{9AF27760-F15C-49CE-AFDB-85E2890C12EA}.Release|Any CPU.ActiveCfg = Release|Any CPU
		{9AF27760-F15C-49CE-AFDB-85E2890C12EA}.Release|Any CPU.Build.0 = Release|Any CPU
		{8FC0AF71-7DFA-493F-9158-D08881C6A2E5}.Debug|Any CPU.ActiveCfg = Debug|Any CPU
		{8FC0AF71-7DFA-493F-9158-D08881C6A2E5}.Debug|Any CPU.Build.0 = Debug|Any CPU
		{8FC0AF71-7DFA-493F-9158-D08881C6A2E5}.Release|Any CPU.ActiveCfg = Release|Any CPU
		{8FC0AF71-7DFA-493F-9158-D08881C6A2E5}.Release|Any CPU.Build.0 = Release|Any CPU
	EndGlobalSection
	GlobalSection(SolutionProperties) = preSolution
		HideSolutionNode = FALSE
	EndGlobalSection
EndGlobal
